// !$*UTF8*$!
{
	archiveVersion = 1;
	classes = {
	};
	objectVersion = 56;
	objects = {

/* Begin PBXBuildFile section */
		257EE4422E32DB4400E3EB6B /* GlyricsApp.swift in Sources */ = {isa = PBXBuildFile; fileRef = 257EE4412E32DB4400E3EB6B /* GlyricsApp.swift */; };
		257EE4442E32DB4400E3EB6B /* ContentView.swift in Sources */ = {isa = PBXBuildFile; fileRef = 257EE4432E32DB4400E3EB6B /* ContentView.swift */; };
		257EE4462E32DB4500E3EB6B /* Assets.xcassets in Resources */ = {isa = PBXBuildFile; fileRef = 257EE4452E32DB4500E3EB6B /* Assets.xcassets */; };
		257EE44A2E32DB4500E3EB6B /* Preview Assets.xcassets in Resources */ = {isa = PBXBuildFile; fileRef = 257EE4492E32DB4500E3EB6B /* Preview Assets.xcassets */; };
		257EE4542E32DB4500E3EB6B /* GlyricsTests.swift in Sources */ = {isa = PBXBuildFile; fileRef = 257EE4532E32DB4500E3EB6B /* GlyricsTests.swift */; };
		257EE45E2E32DB4500E3EB6B /* GlyricsUITests.swift in Sources */ = {isa = PBXBuildFile; fileRef = 257EE45D2E32DB4500E3EB6B /* GlyricsUITests.swift */; };
		257EE4602E32DB4500E3EB6B /* GlyricsUITestsLaunchTests.swift in Sources */ = {isa = PBXBuildFile; fileRef = 257EE45F2E32DB4500E3EB6B /* GlyricsUITestsLaunchTests.swift */; };
/* End PBXBuildFile section */

/* Begin PBXContainerItemProxy section */
		257EE4502E32DB4500E3EB6B /* PBXContainerItemProxy */ = {
			isa = PBXContainerItemProxy;
			containerPortal = 257EE4362E32DB4400E3EB6B /* Project object */;
			proxyType = 1;
			remoteGlobalIDString = 257EE43D2E32DB4400E3EB6B;
			remoteInfo = Glyrics;
		};
		257EE45A2E32DB4500E3EB6B /* PBXContainerItemProxy */ = {
			isa = PBXContainerItemProxy;
			containerPortal = 257EE4362E32DB4400E3EB6B /* Project object */;
			proxyType = 1;
			remoteGlobalIDString = 257EE43D2E32DB4400E3EB6B;
			remoteInfo = Glyrics;
		};
/* End PBXContainerItemProxy section */

/* Begin PBXFileReference section */
		257EE43E2E32DB4400E3EB6B /* Glyrics.app */ = {isa = PBXFileReference; explicitFileType = wrapper.application; includeInIndex = 0; path = Glyrics.app; sourceTree = BUILT_PRODUCTS_DIR; };
		257EE4412E32DB4400E3EB6B /* GlyricsApp.swift */ = {isa = PBXFileReference; lastKnownFileType = sourcecode.swift; path = GlyricsApp.swift; sourceTree = "<group>"; };
		257EE4432E32DB4400E3EB6B /* ContentView.swift */ = {isa = PBXFileReference; lastKnownFileType = sourcecode.swift; path = ContentView.swift; sourceTree = "<group>"; };
		257EE4452E32DB4500E3EB6B /* Assets.xcassets */ = {isa = PBXFileReference; lastKnownFileType = folder.assetcatalog; path = Assets.xcassets; sourceTree = "<group>"; };
		257EE4472E32DB4500E3EB6B /* Glyrics.entitlements */ = {isa = PBXFileReference; lastKnownFileType = text.plist.entitlements; path = Glyrics.entitlements; sourceTree = "<group>"; };
		257EE4492E32DB4500E3EB6B /* Preview Assets.xcassets */ = {isa = PBXFileReference; lastKnownFileType = folder.assetcatalog; path = "Preview Assets.xcassets"; sourceTree = "<group>"; };
		257EE44F2E32DB4500E3EB6B /* GlyricsTests.xctest */ = {isa = PBXFileReference; explicitFileType = wrapper.cfbundle; includeInIndex = 0; path = GlyricsTests.xctest; sourceTree = BUILT_PRODUCTS_DIR; };
		257EE4532E32DB4500E3EB6B /* GlyricsTests.swift */ = {isa = PBXFileReference; lastKnownFileType = sourcecode.swift; path = GlyricsTests.swift; sourceTree = "<group>"; };
		257EE4592E32DB4500E3EB6B /* GlyricsUITests.xctest */ = {isa = PBXFileReference; explicitFileType = wrapper.cfbundle; includeInIndex = 0; path = GlyricsUITests.xctest; sourceTree = BUILT_PRODUCTS_DIR; };
		257EE45D2E32DB4500E3EB6B /* GlyricsUITests.swift */ = {isa = PBXFileReference; lastKnownFileType = sourcecode.swift; path = GlyricsUITests.swift; sourceTree = "<group>"; };
		257EE45F2E32DB4500E3EB6B /* GlyricsUITestsLaunchTests.swift */ = {isa = PBXFileReference; lastKnownFileType = sourcecode.swift; path = GlyricsUITestsLaunchTests.swift; sourceTree = "<group>"; };
/* End PBXFileReference section */

/* Begin PBXFrameworksBuildPhase section */
		257EE43B2E32DB4400E3EB6B /* Frameworks */ = {
			isa = PBXFrameworksBuildPhase;
			buildActionMask = 2147483647;
			files = (
			);
			runOnlyForDeploymentPostprocessing = 0;
		};
		257EE44C2E32DB4500E3EB6B /* Frameworks */ = {
			isa = PBXFrameworksBuildPhase;
			buildActionMask = 2147483647;
			files = (
			);
			runOnlyForDeploymentPostprocessing = 0;
		};
		257EE4562E32DB4500E3EB6B /* Frameworks */ = {
			isa = PBXFrameworksBuildPhase;
			buildActionMask = 2147483647;
			files = (
			);
			runOnlyForDeploymentPostprocessing = 0;
		};
/* End PBXFrameworksBuildPhase section */

/* Begin PBXGroup section */
		257EE4352E32DB4400E3EB6B = {
			isa = PBXGroup;
			children = (
				257EE4402E32DB4400E3EB6B /* Glyrics */,
				257EE4522E32DB4500E3EB6B /* GlyricsTests */,
				257EE45C2E32DB4500E3EB6B /* GlyricsUITests */,
				257EE43F2E32DB4400E3EB6B /* Products */,
			);
			sourceTree = "<group>";
		};
		257EE43F2E32DB4400E3EB6B /* Products */ = {
			isa = PBXGroup;
			children = (
				257EE43E2E32DB4400E3EB6B /* Glyrics.app */,
				257EE44F2E32DB4500E3EB6B /* GlyricsTests.xctest */,
				257EE4592E32DB4500E3EB6B /* GlyricsUITests.xctest */,
			);
			name = Products;
			sourceTree = "<group>";
		};
		257EE4402E32DB4400E3EB6B /* Glyrics */ = {
			isa = PBXGroup;
			children = (
				257EE4412E32DB4400E3EB6B /* GlyricsApp.swift */,
				257EE4432E32DB4400E3EB6B /* ContentView.swift */,
				257EE4452E32DB4500E3EB6B /* Assets.xcassets */,
				257EE4472E32DB4500E3EB6B /* Glyrics.entitlements */,
				257EE4482E32DB4500E3EB6B /* Preview Content */,
			);
			path = Glyrics;
			sourceTree = "<group>";
		};
		257EE4482E32DB4500E3EB6B /* Preview Content */ = {
			isa = PBXGroup;
			children = (
				257EE4492E32DB4500E3EB6B /* Preview Assets.xcassets */,
			);
			path = "Preview Content";
			sourceTree = "<group>";
		};
		257EE4522E32DB4500E3EB6B /* GlyricsTests */ = {
			isa = PBXGroup;
			children = (
				257EE4532E32DB4500E3EB6B /* GlyricsTests.swift */,
			);
			path = GlyricsTests;
			sourceTree = "<group>";
		};
		257EE45C2E32DB4500E3EB6B /* GlyricsUITests */ = {
			isa = PBXGroup;
			children = (
				257EE45D2E32DB4500E3EB6B /* GlyricsUITests.swift */,
				257EE45F2E32DB4500E3EB6B /* GlyricsUITestsLaunchTests.swift */,
			);
			path = GlyricsUITests;
			sourceTree = "<group>";
		};
/* End PBXGroup section */

/* Begin PBXNativeTarget section */
		257EE43D2E32DB4400E3EB6B /* Glyrics */ = {
			isa = PBXNativeTarget;
			buildConfigurationList = 257EE4632E32DB4500E3EB6B /* Build configuration list for PBXNativeTarget "Glyrics" */;
			buildPhases = (
				257EE43A2E32DB4400E3EB6B /* Sources */,
				257EE43B2E32DB4400E3EB6B /* Frameworks */,
				257EE43C2E32DB4400E3EB6B /* Resources */,
			);
			buildRules = (
			);
			dependencies = (
			);
			name = Glyrics;
			productName = Glyrics;
			productReference = 257EE43E2E32DB4400E3EB6B /* Glyrics.app */;
			productType = "com.apple.product-type.application";
		};
		257EE44E2E32DB4500E3EB6B /* GlyricsTests */ = {
			isa = PBXNativeTarget;
			buildConfigurationList = 257EE4662E32DB4500E3EB6B /* Build configuration list for PBXNativeTarget "GlyricsTests" */;
			buildPhases = (
				257EE44B2E32DB4500E3EB6B /* Sources */,
				257EE44C2E32DB4500E3EB6B /* Frameworks */,
				257EE44D2E32DB4500E3EB6B /* Resources */,
			);
			buildRules = (
			);
			dependencies = (
				257EE4512E32DB4500E3EB6B /* PBXTargetDependency */,
			);
			name = GlyricsTests;
			productName = GlyricsTests;
			productReference = 257EE44F2E32DB4500E3EB6B /* GlyricsTests.xctest */;
			productType = "com.apple.product-type.bundle.unit-test";
		};
		257EE4582E32DB4500E3EB6B /* GlyricsUITests */ = {
			isa = PBXNativeTarget;
			buildConfigurationList = 257EE4692E32DB4500E3EB6B /* Build configuration list for PBXNativeTarget "GlyricsUITests" */;
			buildPhases = (
				257EE4552E32DB4500E3EB6B /* Sources */,
				257EE4562E32DB4500E3EB6B /* Frameworks */,
				257EE4572E32DB4500E3EB6B /* Resources */,
			);
			buildRules = (
			);
			dependencies = (
				257EE45B2E32DB4500E3EB6B /* PBXTargetDependency */,
			);
			name = GlyricsUITests;
			productName = GlyricsUITests;
			productReference = 257EE4592E32DB4500E3EB6B /* GlyricsUITests.xctest */;
			productType = "com.apple.product-type.bundle.ui-testing";
		};
/* End PBXNativeTarget section */

/* Begin PBXProject section */
		257EE4362E32DB4400E3EB6B /* Project object */ = {
			isa = PBXProject;
			attributes = {
				BuildIndependentTargetsInParallel = 1;
				LastSwiftUpdateCheck = 1540;
				LastUpgradeCheck = 1540;
				TargetAttributes = {
					257EE43D2E32DB4400E3EB6B = {
						CreatedOnToolsVersion = 15.4;
					};
					257EE44E2E32DB4500E3EB6B = {
						CreatedOnToolsVersion = 15.4;
						TestTargetID = 257EE43D2E32DB4400E3EB6B;
					};
					257EE4582E32DB4500E3EB6B = {
						CreatedOnToolsVersion = 15.4;
						TestTargetID = 257EE43D2E32DB4400E3EB6B;
					};
				};
			};
			buildConfigurationList = 257EE4392E32DB4400E3EB6B /* Build configuration list for PBXProject "Glyrics" */;
			compatibilityVersion = "Xcode 14.0";
			developmentRegion = en;
			hasScannedForEncodings = 0;
			knownRegions = (
				en,
				Base,
			);
			mainGroup = 257EE4352E32DB4400E3EB6B;
			productRefGroup = 257EE43F2E32DB4400E3EB6B /* Products */;
			projectDirPath = "";
			projectRoot = "";
			targets = (
				257EE43D2E32DB4400E3EB6B /* Glyrics */,
				257EE44E2E32DB4500E3EB6B /* GlyricsTests */,
				257EE4582E32DB4500E3EB6B /* GlyricsUITests */,
			);
		};
/* End PBXProject section */

/* Begin PBXResourcesBuildPhase section */
		257EE43C2E32DB4400E3EB6B /* Resources */ = {
			isa = PBXResourcesBuildPhase;
			buildActionMask = 2147483647;
			files = (
				257EE44A2E32DB4500E3EB6B /* Preview Assets.xcassets in Resources */,
				257EE4462E32DB4500E3EB6B /* Assets.xcassets in Resources */,
			);
			runOnlyForDeploymentPostprocessing = 0;
		};
		257EE44D2E32DB4500E3EB6B /* Resources */ = {
			isa = PBXResourcesBuildPhase;
			buildActionMask = 2147483647;
			files = (
			);
			runOnlyForDeploymentPostprocessing = 0;
		};
		257EE4572E32DB4500E3EB6B /* Resources */ = {
			isa = PBXResourcesBuildPhase;
			buildActionMask = 2147483647;
			files = (
			);
			runOnlyForDeploymentPostprocessing = 0;
		};
/* End PBXResourcesBuildPhase section */

/* Begin PBXSourcesBuildPhase section */
		257EE43A2E32DB4400E3EB6B /* Sources */ = {
			isa = PBXSourcesBuildPhase;
			buildActionMask = 2147483647;
			files = (
				257EE4442E32DB4400E3EB6B /* ContentView.swift in Sources */,
				257EE4422E32DB4400E3EB6B /* GlyricsApp.swift in Sources */,
			);
			runOnlyForDeploymentPostprocessing = 0;
		};
		257EE44B2E32DB4500E3EB6B /* Sources */ = {
			isa = PBXSourcesBuildPhase;
			buildActionMask = 2147483647;
			files = (
				257EE4542E32DB4500E3EB6B /* GlyricsTests.swift in Sources */,
			);
			runOnlyForDeploymentPostprocessing = 0;
		};
		257EE4552E32DB4500E3EB6B /* Sources */ = {
			isa = PBXSourcesBuildPhase;
			buildActionMask = 2147483647;
			files = (
				257EE4602E32DB4500E3EB6B /* GlyricsUITestsLaunchTests.swift in Sources */,
				257EE45E2E32DB4500E3EB6B /* GlyricsUITests.swift in Sources */,
			);
			runOnlyForDeploymentPostprocessing = 0;
		};
/* End PBXSourcesBuildPhase section */

/* Begin PBXTargetDependency section */
		257EE4512E32DB4500E3EB6B /* PBXTargetDependency */ = {
			isa = PBXTargetDependency;
			target = 257EE43D2E32DB4400E3EB6B /* Glyrics */;
			targetProxy = 257EE4502E32DB4500E3EB6B /* PBXContainerItemProxy */;
		};
		257EE45B2E32DB4500E3EB6B /* PBXTargetDependency */ = {
			isa = PBXTargetDependency;
			target = 257EE43D2E32DB4400E3EB6B /* Glyrics */;
			targetProxy = 257EE45A2E32DB4500E3EB6B /* PBXContainerItemProxy */;
		};
/* End PBXTargetDependency section */

/* Begin XCBuildConfiguration section */
		257EE4612E32DB4500E3EB6B /* Debug */ = {
			isa = XCBuildConfiguration;
			buildSettings = {
				ALWAYS_SEARCH_USER_PATHS = NO;
				ASSETCATALOG_COMPILER_GENERATE_SWIFT_ASSET_SYMBOL_EXTENSIONS = YES;
				CLANG_ANALYZER_NONNULL = YES;
				CLANG_ANALYZER_NUMBER_OBJECT_CONVERSION = YES_AGGRESSIVE;
				CLANG_CXX_LANGUAGE_STANDARD = "gnu++20";
				CLANG_ENABLE_MODULES = YES;
				CLANG_ENABLE_OBJC_ARC = YES;
				CLANG_ENABLE_OBJC_WEAK = YES;
				CLANG_WARN_BLOCK_CAPTURE_AUTORELEASING = YES;
				CLANG_WARN_BOOL_CONVERSION = YES;
				CLANG_WARN_COMMA = YES;
				CLANG_WARN_CONSTANT_CONVERSION = YES;
				CLANG_WARN_DEPRECATED_OBJC_IMPLEMENTATIONS = YES;
				CLANG_WARN_DIRECT_OBJC_ISA_USAGE = YES_ERROR;
				CLANG_WARN_DOCUMENTATION_COMMENTS = YES;
				CLANG_WARN_EMPTY_BODY = YES;
				CLANG_WARN_ENUM_CONVERSION = YES;
				CLANG_WARN_INFINITE_RECURSION = YES;
				CLANG_WARN_INT_CONVERSION = YES;
				CLANG_WARN_NON_LITERAL_NULL_CONVERSION = YES;
				CLANG_WARN_OBJC_IMPLICIT_RETAIN_SELF = YES;
				CLANG_WARN_OBJC_LITERAL_CONVERSION = YES;
				CLANG_WARN_OBJC_ROOT_CLASS = YES_ERROR;
				CLANG_WARN_QUOTED_INCLUDE_IN_FRAMEWORK_HEADER = YES;
				CLANG_WARN_RANGE_LOOP_ANALYSIS = YES;
				CLANG_WARN_STRICT_PROTOTYPES = YES;
				CLANG_WARN_SUSPICIOUS_MOVE = YES;
				CLANG_WARN_UNGUARDED_AVAILABILITY = YES_AGGRESSIVE;
				CLANG_WARN_UNREACHABLE_CODE = YES;
				CLANG_WARN__DUPLICATE_METHOD_MATCH = YES;
				COPY_PHASE_STRIP = NO;
				DEBUG_INFORMATION_FORMAT = dwarf;
				ENABLE_STRICT_OBJC_MSGSEND = YES;
				ENABLE_TESTABILITY = YES;
				ENABLE_USER_SCRIPT_SANDBOXING = YES;
				GCC_C_LANGUAGE_STANDARD = gnu17;
				GCC_DYNAMIC_NO_PIC = NO;
				GCC_NO_COMMON_BLOCKS = YES;
				GCC_OPTIMIZATION_LEVEL = 0;
				GCC_PREPROCESSOR_DEFINITIONS = (
					"DEBUG=1",
					"$(inherited)",
				);
				GCC_WARN_64_TO_32_BIT_CONVERSION = YES;
				GCC_WARN_ABOUT_RETURN_TYPE = YES_ERROR;
				GCC_WARN_UNDECLARED_SELECTOR = YES;
				GCC_WARN_UNINITIALIZED_AUTOS = YES_AGGRESSIVE;
				GCC_WARN_UNUSED_FUNCTION = YES;
				GCC_WARN_UNUSED_VARIABLE = YES;
				LOCALIZATION_PREFERS_STRING_CATALOGS = YES;
				MTL_ENABLE_DEBUG_INFO = INCLUDE_SOURCE;
				MTL_FAST_MATH = YES;
				ONLY_ACTIVE_ARCH = YES;
				SWIFT_ACTIVE_COMPILATION_CONDITIONS = "DEBUG $(inherited)";
				SWIFT_OPTIMIZATION_LEVEL = "-Onone";
			};
			name = Debug;
		};
		257EE4622E32DB4500E3EB6B /* Release */ = {
			isa = XCBuildConfiguration;
			buildSettings = {
				ALWAYS_SEARCH_USER_PATHS = NO;
				ASSETCATALOG_COMPILER_GENERATE_SWIFT_ASSET_SYMBOL_EXTENSIONS = YES;
				CLANG_ANALYZER_NONNULL = YES;
				CLANG_ANALYZER_NUMBER_OBJECT_CONVERSION = YES_AGGRESSIVE;
				CLANG_CXX_LANGUAGE_STANDARD = "gnu++20";
				CLANG_ENABLE_MODULES = YES;
				CLANG_ENABLE_OBJC_ARC = YES;
				CLANG_ENABLE_OBJC_WEAK = YES;
				CLANG_WARN_BLOCK_CAPTURE_AUTORELEASING = YES;
				CLANG_WARN_BOOL_CONVERSION = YES;
				CLANG_WARN_COMMA = YES;
				CLANG_WARN_CONSTANT_CONVERSION = YES;
				CLANG_WARN_DEPRECATED_OBJC_IMPLEMENTATIONS = YES;
				CLANG_WARN_DIRECT_OBJC_ISA_USAGE = YES_ERROR;
				CLANG_WARN_DOCUMENTATION_COMMENTS = YES;
				CLANG_WARN_EMPTY_BODY = YES;
				CLANG_WARN_ENUM_CONVERSION = YES;
				CLANG_WARN_INFINITE_RECURSION = YES;
				CLANG_WARN_INT_CONVERSION = YES;
				CLANG_WARN_NON_LITERAL_NULL_CONVERSION = YES;
				CLANG_WARN_OBJC_IMPLICIT_RETAIN_SELF = YES;
				CLANG_WARN_OBJC_LITERAL_CONVERSION = YES;
				CLANG_WARN_OBJC_ROOT_CLASS = YES_ERROR;
				CLANG_WARN_QUOTED_INCLUDE_IN_FRAMEWORK_HEADER = YES;
				CLANG_WARN_RANGE_LOOP_ANALYSIS = YES;
				CLANG_WARN_STRICT_PROTOTYPES = YES;
				CLANG_WARN_SUSPICIOUS_MOVE = YES;
				CLANG_WARN_UNGUARDED_AVAILABILITY = YES_AGGRESSIVE;
				CLANG_WARN_UNREACHABLE_CODE = YES;
				CLANG_WARN__DUPLICATE_METHOD_MATCH = YES;
				COPY_PHASE_STRIP = NO;
				DEBUG_INFORMATION_FORMAT = "dwarf-with-dsym";
				ENABLE_NS_ASSERTIONS = NO;
				ENABLE_STRICT_OBJC_MSGSEND = YES;
				ENABLE_USER_SCRIPT_SANDBOXING = YES;
				GCC_C_LANGUAGE_STANDARD = gnu17;
				GCC_NO_COMMON_BLOCKS = YES;
				GCC_WARN_64_TO_32_BIT_CONVERSION = YES;
				GCC_WARN_ABOUT_RETURN_TYPE = YES_ERROR;
				GCC_WARN_UNDECLARED_SELECTOR = YES;
				GCC_WARN_UNINITIALIZED_AUTOS = YES_AGGRESSIVE;
				GCC_WARN_UNUSED_FUNCTION = YES;
				GCC_WARN_UNUSED_VARIABLE = YES;
				LOCALIZATION_PREFERS_STRING_CATALOGS = YES;
				MTL_ENABLE_DEBUG_INFO = NO;
				MTL_FAST_MATH = YES;
				SWIFT_COMPILATION_MODE = wholemodule;
			};
			name = Release;
		};
		257EE4642E32DB4500E3EB6B /* Debug */ = {
			isa = XCBuildConfiguration;
			buildSettings = {
				ASSETCATALOG_COMPILER_APPICON_NAME = AppIcon;
				ASSETCATALOG_COMPILER_GLOBAL_ACCENT_COLOR_NAME = AccentColor;
				CODE_SIGN_ENTITLEMENTS = Glyrics/Glyrics.entitlements;
				CODE_SIGN_STYLE = Automatic;
				CURRENT_PROJECT_VERSION = 1;
				DEVELOPMENT_ASSET_PATHS = "\"Glyrics/Preview Content\"";
				DEVELOPMENT_TEAM = D6VKV2ULHS;
				ENABLE_HARDENED_RUNTIME = YES;
				ENABLE_PREVIEWS = YES;
				GENERATE_INFOPLIST_FILE = YES;
				"INFOPLIST_KEY_UIApplicationSceneManifest_Generation[sdk=iphoneos*]" = YES;
				"INFOPLIST_KEY_UIApplicationSceneManifest_Generation[sdk=iphonesimulator*]" = YES;
				"INFOPLIST_KEY_UIApplicationSupportsIndirectInputEvents[sdk=iphoneos*]" = YES;
				"INFOPLIST_KEY_UIApplicationSupportsIndirectInputEvents[sdk=iphonesimulator*]" = YES;
				"INFOPLIST_KEY_UILaunchScreen_Generation[sdk=iphoneos*]" = YES;
				"INFOPLIST_KEY_UILaunchScreen_Generation[sdk=iphonesimulator*]" = YES;
				"INFOPLIST_KEY_UIStatusBarStyle[sdk=iphoneos*]" = UIStatusBarStyleDefault;
				"INFOPLIST_KEY_UIStatusBarStyle[sdk=iphonesimulator*]" = UIStatusBarStyleDefault;
				INFOPLIST_KEY_UISupportedInterfaceOrientations_iPad = "UIInterfaceOrientationPortrait UIInterfaceOrientationPortraitUpsideDown UIInterfaceOrientationLandscapeLeft UIInterfaceOrientationLandscapeRight";
				INFOPLIST_KEY_UISupportedInterfaceOrientations_iPhone = "UIInterfaceOrientationPortrait UIInterfaceOrientationLandscapeLeft UIInterfaceOrientationLandscapeRight";
				IPHONEOS_DEPLOYMENT_TARGET = 17.5;
				LD_RUNPATH_SEARCH_PATHS = "@executable_path/Frameworks";
				"LD_RUNPATH_SEARCH_PATHS[sdk=macosx*]" = "@executable_path/../Frameworks";
				MACOSX_DEPLOYMENT_TARGET = 14.4;
				MARKETING_VERSION = 1.0;
				PRODUCT_BUNDLE_IDENTIFIER = com.bibas.glyrics.Glyrics;
				PRODUCT_NAME = "$(TARGET_NAME)";
				SDKROOT = auto;
				SUPPORTED_PLATFORMS = "iphoneos iphonesimulator macosx";
				SWIFT_EMIT_LOC_STRINGS = YES;
				SWIFT_VERSION = 5.0;
				TARGETED_DEVICE_FAMILY = "1,2";
			};
			name = Debug;
		};
		257EE4652E32DB4500E3EB6B /* Release */ = {
			isa = XCBuildConfiguration;
			buildSettings = {
				ASSETCATALOG_COMPILER_APPICON_NAME = AppIcon;
				ASSETCATALOG_COMPILER_GLOBAL_ACCENT_COLOR_NAME = AccentColor;
				CODE_SIGN_ENTITLEMENTS = Glyrics/Glyrics.entitlements;
				CODE_SIGN_STYLE = Automatic;
				CURRENT_PROJECT_VERSION = 1;
				DEVELOPMENT_ASSET_PATHS = "\"Glyrics/Preview Content\"";
				DEVELOPMENT_TEAM = D6VKV2ULHS;
				ENABLE_HARDENED_RUNTIME = YES;
				ENABLE_PREVIEWS = YES;
				GENERATE_INFOPLIST_FILE = YES;
				"INFOPLIST_KEY_UIApplicationSceneManifest_Generation[sdk=iphoneos*]" = YES;
				"INFOPLIST_KEY_UIApplicationSceneManifest_Generation[sdk=iphonesimulator*]" = YES;
				"INFOPLIST_KEY_UIApplicationSupportsIndirectInputEvents[sdk=iphoneos*]" = YES;
				"INFOPLIST_KEY_UIApplicationSupportsIndirectInputEvents[sdk=iphonesimulator*]" = YES;
				"INFOPLIST_KEY_UILaunchScreen_Generation[sdk=iphoneos*]" = YES;
				"INFOPLIST_KEY_UILaunchScreen_Generation[sdk=iphonesimulator*]" = YES;
				"INFOPLIST_KEY_UIStatusBarStyle[sdk=iphoneos*]" = UIStatusBarStyleDefault;
				"INFOPLIST_KEY_UIStatusBarStyle[sdk=iphonesimulator*]" = UIStatusBarStyleDefault;
				INFOPLIST_KEY_UISupportedInterfaceOrientations_iPad = "UIInterfaceOrientationPortrait UIInterfaceOrientationPortraitUpsideDown UIInterfaceOrientationLandscapeLeft UIInterfaceOrientationLandscapeRight";
				INFOPLIST_KEY_UISupportedInterfaceOrientations_iPhone = "UIInterfaceOrientationPortrait UIInterfaceOrientationLandscapeLeft UIInterfaceOrientationLandscapeRight";
				IPHONEOS_DEPLOYMENT_TARGET = 17.5;
				LD_RUNPATH_SEARCH_PATHS = "@executable_path/Frameworks";
				"LD_RUNPATH_SEARCH_PATHS[sdk=macosx*]" = "@executable_path/../Frameworks";
				MACOSX_DEPLOYMENT_TARGET = 14.4;
				MARKETING_VERSION = 1.0;
				PRODUCT_BUNDLE_IDENTIFIER = com.bibas.glyrics.Glyrics;
				PRODUCT_NAME = "$(TARGET_NAME)";
				SDKROOT = auto;
				SUPPORTED_PLATFORMS = "iphoneos iphonesimulator macosx";
				SWIFT_EMIT_LOC_STRINGS = YES;
				SWIFT_VERSION = 5.0;
				TARGETED_DEVICE_FAMILY = "1,2";
			};
			name = Release;
		};
		257EE4672E32DB4500E3EB6B /* Debug */ = {
			isa = XCBuildConfiguration;
			buildSettings = {
				ALWAYS_EMBED_SWIFT_STANDARD_LIBRARIES = YES;
				BUNDLE_LOADER = "$(TEST_HOST)";
				CODE_SIGN_STYLE = Automatic;
				CURRENT_PROJECT_VERSION = 1;
				DEVELOPMENT_TEAM = D6VKV2ULHS;
				GENERATE_INFOPLIST_FILE = YES;
				IPHONEOS_DEPLOYMENT_TARGET = 17.5;
				MACOSX_DEPLOYMENT_TARGET = 14.4;
				MARKETING_VERSION = 1.0;
				PRODUCT_BUNDLE_IDENTIFIER = com.bibas.glyrics.GlyricsTests;
				PRODUCT_NAME = "$(TARGET_NAME)";
				SDKROOT = auto;
				SUPPORTED_PLATFORMS = "iphoneos iphonesimulator macosx";
				SWIFT_EMIT_LOC_STRINGS = NO;
				SWIFT_VERSION = 5.0;
				TARGETED_DEVICE_FAMILY = "1,2";
				TEST_HOST = "$(BUILT_PRODUCTS_DIR)/Glyrics.app/$(BUNDLE_EXECUTABLE_FOLDER_PATH)/Glyrics";
			};
			name = Debug;
		};
		257EE4682E32DB4500E3EB6B /* Release */ = {
			isa = XCBuildConfiguration;
			buildSettings = {
				ALWAYS_EMBED_SWIFT_STANDARD_LIBRARIES = YES;
				BUNDLE_LOADER = "$(TEST_HOST)";
				CODE_SIGN_STYLE = Automatic;
				CURRENT_PROJECT_VERSION = 1;
				DEVELOPMENT_TEAM = D6VKV2ULHS;
				GENERATE_INFOPLIST_FILE = YES;
				IPHONEOS_DEPLOYMENT_TARGET = 17.5;
				MACOSX_DEPLOYMENT_TARGET = 14.4;
				MARKETING_VERSION = 1.0;
				PRODUCT_BUNDLE_IDENTIFIER = com.bibas.glyrics.GlyricsTests;
				PRODUCT_NAME = "$(TARGET_NAME)";
				SDKROOT = auto;
				SUPPORTED_PLATFORMS = "iphoneos iphonesimulator macosx";
				SWIFT_EMIT_LOC_STRINGS = NO;
				SWIFT_VERSION = 5.0;
				TARGETED_DEVICE_FAMILY = "1,2";
				TEST_HOST = "$(BUILT_PRODUCTS_DIR)/Glyrics.app/$(BUNDLE_EXECUTABLE_FOLDER_PATH)/Glyrics";
			};
			name = Release;
		};
		257EE46A2E32DB4500E3EB6B /* Debug */ = {
			isa = XCBuildConfiguration;
			buildSettings = {
				ALWAYS_EMBED_SWIFT_STANDARD_LIBRARIES = YES;
				CODE_SIGN_STYLE = Automatic;
				CURRENT_PROJECT_VERSION = 1;
				DEVELOPMENT_TEAM = D6VKV2ULHS;
				GENERATE_INFOPLIST_FILE = YES;
				IPHONEOS_DEPLOYMENT_TARGET = 17.5;
				MACOSX_DEPLOYMENT_TARGET = 14.4;
				MARKETING_VERSION = 1.0;
				PRODUCT_BUNDLE_IDENTIFIER = com.bibas.glyrics.GlyricsUITests;
				PRODUCT_NAME = "$(TARGET_NAME)";
				SDKROOT = auto;
				SUPPORTED_PLATFORMS = "iphoneos iphonesimulator macosx";
				SWIFT_EMIT_LOC_STRINGS = NO;
				SWIFT_VERSION = 5.0;
				TARGETED_DEVICE_FAMILY = "1,2";
				TEST_TARGET_NAME = Glyrics;
			};
			name = Debug;
		};
		257EE46B2E32DB4500E3EB6B /* Release */ = {
			isa = XCBuildConfiguration;
			buildSettings = {
				ALWAYS_EMBED_SWIFT_STANDARD_LIBRARIES = YES;
				CODE_SIGN_STYLE = Automatic;
				CURRENT_PROJECT_VERSION = 1;
				DEVELOPMENT_TEAM = D6VKV2ULHS;
				GENERATE_INFOPLIST_FILE = YES;
				IPHONEOS_DEPLOYMENT_TARGET = 17.5;
				MACOSX_DEPLOYMENT_TARGET = 14.4;
				MARKETING_VERSION = 1.0;
				PRODUCT_BUNDLE_IDENTIFIER = com.bibas.glyrics.GlyricsUITests;
				PRODUCT_NAME = "$(TARGET_NAME)";
				SDKROOT = auto;
				SUPPORTED_PLATFORMS = "iphoneos iphonesimulator macosx";
				SWIFT_EMIT_LOC_STRINGS = NO;
				SWIFT_VERSION = 5.0;
				TARGETED_DEVICE_FAMILY = "1,2";
				TEST_TARGET_NAME = Glyrics;
			};
			name = Release;
		};
/* End XCBuildConfiguration section */

/* Begin XCConfigurationList section */
		257EE4392E32DB4400E3EB6B /* Build configuration list for PBXProject "Glyrics" */ = {
			isa = XCConfigurationList;
			buildConfigurations = (
				257EE4612E32DB4500E3EB6B /* Debug */,
				257EE4622E32DB4500E3EB6B /* Release */,
			);
			defaultConfigurationIsVisible = 0;
			defaultConfigurationName = Release;
		};
		257EE4632E32DB4500E3EB6B /* Build configuration list for PBXNativeTarget "Glyrics" */ = {
			isa = XCConfigurationList;
			buildConfigurations = (
				257EE4642E32DB4500E3EB6B /* Debug */,
				257EE4652E32DB4500E3EB6B /* Release */,
			);
			defaultConfigurationIsVisible = 0;
			defaultConfigurationName = Release;
		};
		257EE4662E32DB4500E3EB6B /* Build configuration list for PBXNativeTarget "GlyricsTests" */ = {
			isa = XCConfigurationList;
			buildConfigurations = (
				257EE4672E32DB4500E3EB6B /* Debug */,
				257EE4682E32DB4500E3EB6B /* Release */,
			);
			defaultConfigurationIsVisible = 0;
			defaultConfigurationName = Release;
		};
		257EE4692E32DB4500E3EB6B /* Build configuration list for PBXNativeTarget "GlyricsUITests" */ = {
			isa = XCConfigurationList;
			buildConfigurations = (
				257EE46A2E32DB4500E3EB6B /* Debug */,
				257EE46B2E32DB4500E3EB6B /* Release */,
			);
			defaultConfigurationIsVisible = 0;
			defaultConfigurationName = Release;
		};
/* End XCConfigurationList section */
	};
	rootObject = 257EE4362E32DB4400E3EB6B /* Project object */;
}
